# THIS IS AN AUTOGENERATED FILE. DO NOT EDIT THIS FILE DIRECTLY.
# yarn lockfile v1


"@abp/aspnetcore.mvc.ui.theme.basic@~9.3.6":
  version "9.3.6"
  resolved "https://registry.npmmirror.com/@abp/aspnetcore.mvc.ui.theme.basic/-/aspnetcore.mvc.ui.theme.basic-9.3.6.tgz#e41f07e6bffa4c5b4cfb6469fe7374c94e1248d4"
  integrity sha512-N5uTyPTKgRv4hggu9wRfPiGX4ScZfHkFLurm1HwpZBp7Au36eP8u4Jdg9Y2h6J2ckLApIZFHxPsWVo7L99fDvw==
  dependencies:
    "@abp/aspnetcore.mvc.ui.theme.shared" "~9.3.6"

"@abp/aspnetcore.mvc.ui.theme.shared@~9.3.6":
  version "9.3.6"
  resolved "https://registry.npmmirror.com/@abp/aspnetcore.mvc.ui.theme.shared/-/aspnetcore.mvc.ui.theme.shared-9.3.6.tgz#cc2446f2b7aae3a46512c1e8032b15469355ac73"
  integrity sha512-431Mw4F2NIWO0K8/FnE/srIxq0GU21qIQiQKGlE5NzZVzxKqrMQmQwB6OXramRVTPW0PQBYEZKPn21JD023J4A==
  dependencies:
    "@abp/aspnetcore.mvc.ui" "~9.3.6"
    "@abp/bootstrap" "~9.3.6"
    "@abp/bootstrap-datepicker" "~9.3.6"
    "@abp/bootstrap-daterangepicker" "~9.3.6"
    "@abp/datatables.net-bs5" "~9.3.6"
    "@abp/font-awesome" "~9.3.6"
    "@abp/jquery-form" "~9.3.6"
    "@abp/jquery-validation-unobtrusive" "~9.3.6"
    "@abp/lodash" "~9.3.6"
    "@abp/luxon" "~9.3.6"
    "@abp/malihu-custom-scrollbar-plugin" "~9.3.6"
    "@abp/moment" "~9.3.6"
    "@abp/select2" "~9.3.6"
    "@abp/sweetalert2" "~9.3.6"
    "@abp/timeago" "~9.3.6"

"@abp/aspnetcore.mvc.ui@~9.3.6":
  version "9.3.6"
  resolved "https://registry.npmmirror.com/@abp/aspnetcore.mvc.ui/-/aspnetcore.mvc.ui-9.3.6.tgz#6677e65a0bed1d316aac03b8ea0ca510d8fbf997"
  integrity sha512-MX02liDTYVkzJ6yD8pNEICuTRkXXn1VH2u57icyCFXstvRYQQHrv4WU46//pEOAQtbT0gaJCmsQ82z/rt+kvoA==
  dependencies:
    ansi-colors "^4.1.3"

"@abp/bootstrap-datepicker@~9.3.6":
  version "9.3.6"
  resolved "https://registry.npmmirror.com/@abp/bootstrap-datepicker/-/bootstrap-datepicker-9.3.6.tgz#360cce88c7c41be93717255eba297f8c80af4911"
  integrity sha512-93eLJ0rsnwAXf+MJB95xyPXkuYzOwVH+FHZgk+K9X8H2iRvElK4UP+q+PHq+59h/hryK9RA+p/eaDqC8bQcYXw==
  dependencies:
    bootstrap-datepicker "^1.10.0"

"@abp/bootstrap-daterangepicker@~9.3.6":
  version "9.3.6"
  resolved "https://registry.npmmirror.com/@abp/bootstrap-daterangepicker/-/bootstrap-daterangepicker-9.3.6.tgz#09f0d52873f722827000e17e2eb1c80d37773b19"
  integrity sha512-UbYUz+kbs9W4zlMr6RQL06im5SNpeYP9Q6L52FIWaTU6OjmsC2NgZBhb6Uc+5vWxijlOLpuEQxHex8a4lj8FGA==
  dependencies:
    bootstrap-daterangepicker "^3.1.0"

"@abp/bootstrap@~9.3.6":
  version "9.3.6"
  resolved "https://registry.npmmirror.com/@abp/bootstrap/-/bootstrap-9.3.6.tgz#18be4dafa9ec8908003969481b210fbce96da3e1"
  integrity sha512-739QUNnrPUMTirtGcMT7VwdwRGcJzXOhrqqCQPAhon+j/fTWNVGmlnvBWBHqSvu59juBaHiWGNRYI32n1+NyMA==
  dependencies:
    "@abp/core" "~9.3.6"
    bootstrap "^5.3.3"

"@abp/core@~9.3.6":
  version "9.3.6"
  resolved "https://registry.npmmirror.com/@abp/core/-/core-9.3.6.tgz#f982af4c589113d6531a1f669e190dff4281a11c"
  integrity sha512-+ABW1xkrmUGtKnrY9A+p+swX+pDt8n70bSUW7QhoYF7AmxFPkJHAV+4pg+Q9+0LqzlPNKjAKTQLE1HW8XIgtiw==
  dependencies:
    "@abp/utils" "~9.3.6"

"@abp/datatables.net-bs5@~9.3.6":
  version "9.3.6"
  resolved "https://registry.npmmirror.com/@abp/datatables.net-bs5/-/datatables.net-bs5-9.3.6.tgz#10af6ef155ce5ec7abc35451953a06ae8c03abf9"
  integrity sha512-EATW8Wof6ME8HHHaox9hjq/HynAleesT6PTxD+3wGTnNdJpqKYiwR60hKnvmo+9ZAA8s+pn3vBzfYWSArJWJyA==
  dependencies:
    "@abp/datatables.net" "~9.3.6"
    datatables.net-bs5 "^2.1.8"

"@abp/datatables.net@~9.3.6":
  version "9.3.6"
  resolved "https://registry.npmmirror.com/@abp/datatables.net/-/datatables.net-9.3.6.tgz#ee6b2e46603489c5f2cda3e2e28fbc8943b4b1c9"
  integrity sha512-dKbdNP0rJozJtS7gpJbhVCoHzt8VXI0uueWy8KnIIwLteChh3UBKHo5/NzpEW2xkUov/FY2xUBCZ7L9SfOQEjA==
  dependencies:
    "@abp/jquery" "~9.3.6"
    datatables.net "^2.1.8"

"@abp/font-awesome@~9.3.6":
  version "9.3.6"
  resolved "https://registry.npmmirror.com/@abp/font-awesome/-/font-awesome-9.3.6.tgz#d5a197e069bfa8f91c4e6ee5bf0de5fb103f07ff"
  integrity sha512-K60R15QdI7zeiADUYbBCw0kTcUdvfkx9NrQBVVIkwIip7oZqodFVNO72r2oUBdEYjHjKxiaGWCrAUyb1DyF3GA==
  dependencies:
    "@abp/core" "~9.3.6"
    "@fortawesome/fontawesome-free" "^6.6.0"

"@abp/jquery-form@~9.3.6":
  version "9.3.6"
  resolved "https://registry.npmmirror.com/@abp/jquery-form/-/jquery-form-9.3.6.tgz#0496ffaf6e49e0defa6941474b8e977d20edc8c6"
  integrity sha512-5qytgaURb4bhKXscA3Nkp0y023xMnjE9o8/o1xXcQghgI5HzfAcDKWvrXmMrY8g3+4ycZV83wBuoRnQPqoFCMg==
  dependencies:
    "@abp/jquery" "~9.3.6"
    jquery-form "^4.3.0"

"@abp/jquery-validation-unobtrusive@~9.3.6":
  version "9.3.6"
  resolved "https://registry.npmmirror.com/@abp/jquery-validation-unobtrusive/-/jquery-validation-unobtrusive-9.3.6.tgz#6e6e584e469b15b1ca5a0cdb30ffdbcfca6a5cb7"
  integrity sha512-l8If8qP2ky500vrG8dTRCGhteMKk7QMYcS/Qlp/ekeHEIAxCXiCGYltEQXP/+Sx0FUcEAaUPV76AZ9YL1a/69w==
  dependencies:
    "@abp/jquery-validation" "~9.3.6"
    jquery-validation-unobtrusive "^4.0.0"

"@abp/jquery-validation@~9.3.6":
  version "9.3.6"
  resolved "https://registry.npmmirror.com/@abp/jquery-validation/-/jquery-validation-9.3.6.tgz#054f334355e1f7bce84ad0a2cdd5f5956a792dcf"
  integrity sha512-VbDPX23ReclOZ+9i/43s6ZZEB7DUR4oaPN09cb8gng+UJ/W/JoevKgW2i7lFcdcGzdIgf9aJRq/ub5R97wyaJg==
  dependencies:
    "@abp/jquery" "~9.3.6"
    jquery-validation "^1.21.0"

"@abp/jquery@~9.3.6":
  version "9.3.6"
  resolved "https://registry.npmmirror.com/@abp/jquery/-/jquery-9.3.6.tgz#20af82c057fac3cc99a304b064f220fe0a35f3fa"
  integrity sha512-zPGpy8ti0vUjtBqT9kg5Ff16n2FCqSOt+lAuI72jm1o8mpMKZ3zgRzc0QL/P/fdYA6ZYv8DF6+D8tooFNmcaNw==
  dependencies:
    "@abp/core" "~9.3.6"
    jquery "~3.7.1"

"@abp/lodash@~9.3.6":
  version "9.3.6"
  resolved "https://registry.npmmirror.com/@abp/lodash/-/lodash-9.3.6.tgz#5ed694b255beeccc2f91e8c5aa2b28ac6cbf97bd"
  integrity sha512-rmfmnErXlGQq0/9bpg4D/hnPHMRkI6+eAwvzORp0WGT4C8yFGd60VJOW0NtEqYUvKk+S6IyGWXSGcY+k7t6sxQ==
  dependencies:
    "@abp/core" "~9.3.6"
    lodash "^4.17.21"

"@abp/luxon@~9.3.6":
  version "9.3.6"
  resolved "https://registry.npmmirror.com/@abp/luxon/-/luxon-9.3.6.tgz#070020e45990286c5d36e0b3baae69ae93be22f9"
  integrity sha512-x9SvMjnz2Wjz+8ow/DcCTRBsObW+Zhtbw0y6Z2IiJs5mFEg9HItSbP7rb8Y04hTCcxaIIUCvCcC86udF5j5yPg==
  dependencies:
    "@abp/core" "~9.3.6"
    luxon "^3.5.0"

"@abp/malihu-custom-scrollbar-plugin@~9.3.6":
  version "9.3.6"
  resolved "https://registry.npmmirror.com/@abp/malihu-custom-scrollbar-plugin/-/malihu-custom-scrollbar-plugin-9.3.6.tgz#5fec5c79ccbb10e6d6087d390591b780d12a41c2"
  integrity sha512-weUTSwD0W7GBmQ/fjFH4Gu52OoIVUWbuCi98ZIpo018fp6Mt7ewMjfo3Net7aqUThEIuEobf8HtP9FA1zZDUhg==
  dependencies:
    "@abp/core" "~9.3.6"
    malihu-custom-scrollbar-plugin "^3.1.5"

"@abp/moment@~9.3.6":
  version "9.3.6"
  resolved "https://registry.npmmirror.com/@abp/moment/-/moment-9.3.6.tgz#f1db4e822cb2c8d022202bde6d24460befce1c85"
  integrity sha512-Bo2X3wVx3KKvTEEHpEwaVBmKDkN/70POXue9WJCmKEkg8pBUjrwv0s0ilIHMfJnS2b6jKDZ2+sgJ7/fNOlBVCQ==
  dependencies:
    moment "^2.30.1"

"@abp/select2@~9.3.6":
  version "9.3.6"
  resolved "https://registry.npmmirror.com/@abp/select2/-/select2-9.3.6.tgz#d9c364ca0aee138e9ca9216e37327141891d6872"
  integrity sha512-QDJ9twIiXpUrJ78yOKNAwpKl/7Gv2uIz2k731ci94rws2LMjgZLKXrdXw3YT3/Umozwi63RY1dUwl1B0XtjG+Q==
  dependencies:
    "@abp/core" "~9.3.6"
    select2 "^4.0.13"

"@abp/sweetalert2@~9.3.6":
  version "9.3.6"
  resolved "https://registry.npmmirror.com/@abp/sweetalert2/-/sweetalert2-9.3.6.tgz#8e6ce2830431a1d028b836411abcb635c5388733"
  integrity sha512-imvUg0lAZkiKM5prHBZ5IshubTagFGpHyCn++6f8vJsP0sf0rsO/vdybKFGQHKl1eChYrtmppTsSEXVuYd30IA==
  dependencies:
    "@abp/core" "~9.3.6"
    sweetalert2 "^11.14.1"

"@abp/timeago@~9.3.6":
  version "9.3.6"
  resolved "https://registry.npmmirror.com/@abp/timeago/-/timeago-9.3.6.tgz#57136734c05ca31ec431dbcf00b24df30eed8742"
  integrity sha512-zVCDkCVXrMsRYPgCkjbegPYIdVYrGLAhum2g4c5+oSC63uHlq1Lts640Ytsk3DqsV3QJ6juJ4sjFNGPasSF6Zw==
  dependencies:
    "@abp/jquery" "~9.3.6"
    timeago "^1.6.7"

"@abp/utils@~9.3.6":
  version "9.3.6"
  resolved "https://registry.npmmirror.com/@abp/utils/-/utils-9.3.6.tgz#c3e1485dfb7e126af13cdd4f72b8a8e5b94a160f"
  integrity sha512-A5Dpyu7NlDDNhhYROgvQkc1yC56SASQrTGhPH/BGlcTng3unBf9AGqxLpKyj62v5asdHdKBwbuV9cp8TLNEauw==
  dependencies:
    just-compare "^2.3.0"

"@fortawesome/fontawesome-free@^6.6.0":
  version "6.7.2"
  resolved "https://registry.npmmirror.com/@fortawesome/fontawesome-free/-/fontawesome-free-6.7.2.tgz#8249de9b7e22fcb3ceb5e66090c30a1d5492b81a"
  integrity sha512-JUOtgFW6k9u4Y+xeIaEiLr3+cjoUPiAuLXoyKOJSia6Duzb7pq+A76P9ZdPDoAoxHdHzq6gE9/jKBGXlZT8FbA==

ansi-colors@^4.1.3:
  version "4.1.3"
  resolved "https://registry.npmmirror.com/ansi-colors/-/ansi-colors-4.1.3.tgz#37611340eb2243e70cc604cad35d63270d48781b"
  integrity sha512-/6w/C21Pm1A7aZitlI5Ni/2J6FFQN8i1Cvz3kHABAAbw93v/NlvKdVOqz7CCWz/3iv/JplRSEEZ83XION15ovw==

bootstrap-datepicker@^1.10.0:
  version "1.10.1"
  resolved "https://registry.npmmirror.com/bootstrap-datepicker/-/bootstrap-datepicker-1.10.1.tgz#0a8bec42957ea1ce1272b91bcf2b53696629fb86"
  integrity sha512-GIe+fsLp9Hi30oW7L2v2Q9/a4+aojrIA2p4ZagtLuKw2lpfQgjJjM0L6vl/lYQydGXWUbpoKbEC/O5tzWIkEKQ==
  dependencies:
    jquery ">=3.4.0 <4.0.0"

bootstrap-daterangepicker@^3.1.0:
  version "3.1.0"
  resolved "https://registry.npmmirror.com/bootstrap-daterangepicker/-/bootstrap-daterangepicker-3.1.0.tgz#632e6fb2de4b6360c5c0a9d5f6adb9aace051fe8"
  integrity sha512-oaQZx6ZBDo/dZNyXGVi2rx5GmFXThyQLAxdtIqjtLlYVaQUfQALl5JZMJJZzyDIX7blfy4ppZPAJ10g8Ma4d/g==
  dependencies:
    jquery ">=1.10"
    moment "^2.9.0"

bootstrap@^5.3.3:
  version "5.3.8"
  resolved "https://registry.npmmirror.com/bootstrap/-/bootstrap-5.3.8.tgz#6401a10057a22752d21f4e19055508980656aeed"
  integrity sha512-HP1SZDqaLDPwsNiqRqi5NcP0SSXciX2s9E+RyqJIIqGo+vJeN5AJVM98CXmW/Wux0nQ5L7jeWUdplCEf0Ee+tg==

datatables.net-bs5@^2.1.8:
  version "2.3.4"
  resolved "https://registry.npmmirror.com/datatables.net-bs5/-/datatables.net-bs5-2.3.4.tgz#63326190c20552c8c2c4d19a57ecdd10f0fe27ff"
  integrity sha512-OSoPWhNfiU71VjNP604uTmFRxiX32U7SCW0KRZ2X6z3ZYbIwjjoWcMEjjPWOH3uOqaI0OTDBgOgOs5G28VaJog==
  dependencies:
    datatables.net "2.3.4"
    jquery ">=1.7"

datatables.net@2.3.4, datatables.net@^2.1.8:
  version "2.3.4"
  resolved "https://registry.npmmirror.com/datatables.net/-/datatables.net-2.3.4.tgz#8cf69f2e6cb8d271be3d5c4f75a479684d20f253"
  integrity sha512-fKuRlrBIdpAl2uIFgl9enKecHB41QmFd/2nN9LBbOvItV/JalAxLcyqdZXex7wX4ZXjnJQEnv6xeS9veOpKzSw==
  dependencies:
    jquery ">=1.7"

jquery-form@^4.3.0:
  version "4.3.0"
  resolved "https://registry.yarnpkg.com/jquery-form/-/jquery-form-4.3.0.tgz#7d3961c314a1f2d15298f4af1d3943f54f4149c6"
  integrity sha512-q3uaVCEWdLOYUCI6dpNdwf/7cJFOsUgdpq6r0taxtGQ5NJSkOzofyWm4jpOuJ5YxdmL1FI5QR+q+HB63HHLGnQ==
  dependencies:
    jquery ">=1.7.2"

jquery-mousewheel@>=3.0.6:
  version "3.1.13"
  resolved "https://registry.yarnpkg.com/jquery-mousewheel/-/jquery-mousewheel-3.1.13.tgz#06f0335f16e353a695e7206bf50503cb523a6ee5"

jquery-validation-unobtrusive@^4.0.0:
  version "4.0.0"
  resolved "https://registry.npmmirror.com/jquery-validation-unobtrusive/-/jquery-validation-unobtrusive-4.0.0.tgz#dfcf25a558496a2c883db6021d10f5398d15f99d"
  integrity sha512-1ervYFFv6LX/rp7ktuLnMakHNG0piNRDyROI8Ir3hL1vPIwylAehB1AY3BPrYJnzW3WmwWryZq+Bz4sazZK9iQ==
  dependencies:
    jquery "^3.6.0"
    jquery-validation ">=1.19"

jquery-validation@>=1.19, jquery-validation@^1.21.0:
  version "1.21.0"
  resolved "https://registry.npmmirror.com/jquery-validation/-/jquery-validation-1.21.0.tgz#78fc05ab76020912a246af3661b3f54a438bca93"
  integrity sha512-xNot0rlUIgu7duMcQ5qb6MGkGL/Z1PQaRJQoZAURW9+a/2PGOUxY36o/WyNeP2T9R6jvWB8Z9lUVvvQWI/Zs5w==

jquery@>=1.10, "jquery@>=3.4.0 <4.0.0", jquery@^3.6.0, jquery@~3.7.1:
  version "3.7.1"
  resolved "https://registry.npmmirror.com/jquery/-/jquery-3.7.1.tgz#083ef98927c9a6a74d05a6af02806566d16274de"
  integrity sha512-m4avr8yL8kmFN8psrbFFFmB/If14iN5o9nw/NgnnM+kybDJpRsAynV2BsfpTYrTRysYUdADVD7CkUUizgkpLfg==

"jquery@>=1.5.0 <4.0":
  version "3.4.1"
  resolved "https://registry.yarnpkg.com/jquery/-/jquery-3.4.1.tgz#714f1f8d9dde4bdfa55764ba37ef214630d80ef2"
  integrity sha512-36+AdBzCL+y6qjw5Tx7HgzeGCzC81MDDgaUP8ld2zhx58HdqXGoBd+tHdrBMiyjGQs0Hxs/MLZTu/eHNJJuWPw==

jquery@>=1.7, jquery@>=1.7.2:
  version "3.3.1"
  resolved "https://registry.yarnpkg.com/jquery/-/jquery-3.3.1.tgz#958ce29e81c9790f31be7792df5d4d95fc57fbca"

just-compare@^2.3.0:
  version "2.3.0"
  resolved "https://registry.npmmirror.com/just-compare/-/just-compare-2.3.0.tgz#a2adcc1d1940536263275f5a1ef1298bcacfeda7"
  integrity sha512-6shoR7HDT+fzfL3gBahx1jZG3hWLrhPAf+l7nCwahDdT9XDtosB9kIF0ZrzUp5QY8dJWfQVr5rnsPqsbvflDzg==

lodash@^4.17.21:
  version "4.17.21"
  resolved "https://registry.yarnpkg.com/lodash/-/lodash-4.17.21.tgz#679591c564c3bffaae8454cf0b3df370c3d6911c"
  integrity sha512-v2kDEe57lecTulaDIuNTPy3Ry4gLGJ6Z1O3vE1krgXZNrsQ+LFTGHVxVjcXPs17LhbZVGedAJv8XZ1tvj5FvSg==

luxon@^3.5.0:
  version "3.7.2"
  resolved "https://registry.npmmirror.com/luxon/-/luxon-3.7.2.tgz#d697e48f478553cca187a0f8436aff468e3ba0ba"
  integrity sha512-vtEhXh/gNjI9Yg1u4jX/0YVPMvxzHuGgCm6tC5kZyb08yjGWGnqAjGJvcXbqQR2P3MyMEFnRbpcdFS6PBcLqew==

malihu-custom-scrollbar-plugin@^3.1.5:
  version "3.1.5"
  resolved "https://registry.yarnpkg.com/malihu-custom-scrollbar-plugin/-/malihu-custom-scrollbar-plugin-3.1.5.tgz#310cecc5e59415a1c29e9dfb5d2b6e01d66a29ef"
  integrity sha1-MQzsxeWUFaHCnp37XStuAdZqKe8=
  dependencies:
    jquery-mousewheel ">=3.0.6"

moment@^2.30.1, moment@^2.9.0:
  version "2.30.1"
  resolved "https://registry.npmmirror.com/moment/-/moment-2.30.1.tgz#f8c91c07b7a786e30c59926df530b4eac96974ae"
  integrity sha512-uEmtNhbDOrWPFS+hdjFCBfy9f2YoyzRpwcl+DqpC6taX21FzsTLQVbMV/W7PzNSX6x/bhC1zA3c2UQ5NzH6how==

select2@^4.0.13:
  version "4.0.13"
  resolved "https://registry.yarnpkg.com/select2/-/select2-4.0.13.tgz#0dbe377df3f96167c4c1626033e924372d8ef44d"
  integrity sha512-1JeB87s6oN/TDxQQYCvS5EFoQyvV6eYMZZ0AeA4tdFDYWN3BAGZ8npr17UBFddU0lgAt3H0yjX3X6/ekOj1yjw==

sweetalert2@^11.14.1:
  version "11.26.3"
  resolved "https://registry.npmmirror.com/sweetalert2/-/sweetalert2-11.26.3.tgz#6e8188cf71818af34d62fe33a2465690cde9836d"
  integrity sha512-VU0hGw/WfI9h7Mh+SCsDlWgtxDwWZ6ccqS7QcO8zEeWnwplN1GptcLstq76OluUBSLUza6ldvKd3558OhjpJ9A==

timeago@^1.6.7:
  version "1.6.7"
  resolved "https://registry.yarnpkg.com/timeago/-/timeago-1.6.7.tgz#afd467c29a911e697fc22a81888c7c3022783cb5"
  integrity sha512-FikcjN98+ij0siKH4VO4dZ358PR3oDDq4Vdl1+sN9gWz1/+JXGr3uZbUShYH/hL7bMhcTpPbplJU5Tej4b4jbQ==
  dependencies:
    jquery ">=1.5.0 <4.0"
